// !$*UTF8*$!
{
	archiveVersion = 1;
	classes = {
	};
	objectVersion = 48;
	objects = {

/* Begin PBXBuildFile section */
		C4B8A6A2249663EE00282B14 /* AppDelegate.m in Sources */ = {isa = PBXBuildFile; fileRef = C4B8A6A1249663EE00282B14 /* AppDelegate.m */; };
		C4B8A6A5249663EE00282B14 /* SceneDelegate.m in Sources */ = {isa = PBXBuildFile; fileRef = C4B8A6A4249663EE00282B14 /* SceneDelegate.m */; };
		C4B8A6A8249663EE00282B14 /* ViewController.m in Sources */ = {isa = PBXBuildFile; fileRef = C4B8A6A7249663EE00282B14 /* ViewController.m */; };
		C4B8A6AB249663EE00282B14 /* Main.storyboard in Resources */ = {isa = PBXBuildFile; fileRef = C4B8A6A9249663EE00282B14 /* Main.storyboard */; };
		C4B8A6AD249663F000282B14 /* Assets.xcassets in Resources */ = {isa = PBXBuildFile; fileRef = C4B8A6AC249663F000282B14 /* Assets.xcassets */; };
		C4B8A6B0249663F000282B14 /* LaunchScreen.storyboard in Resources */ = {isa = PBXBuildFile; fileRef = C4B8A6AE249663F000282B14 /* LaunchScreen.storyboard */; };
		C4B8A6B3249663F000282B14 /* main.m in Sources */ = {isa = PBXBuildFile; fileRef = C4B8A6B2249663F000282B14 /* main.m */; };
		C4B8A6BD249663F100282B14 /* IFXProgramTests.m in Sources */ = {isa = PBXBuildFile; fileRef = C4B8A6BC249663F100282B14 /* IFXProgramTests.m */; };
		C4B8A6C8249663F100282B14 /* IFXProgramUITests.m in Sources */ = {isa = PBXBuildFile; fileRef = C4B8A6C7249663F100282B14 /* IFXProgramUITests.m */; };
		FCC2C5B285674771009735FF /* Pods_IFXProgram.framework in Frameworks */ = {isa = PBXBuildFile; fileRef = DCC6E0ED1807C65D508699B7 /* Pods_IFXProgram.framework */; };
/* End PBXBuildFile section */

/* Begin PBXContainerItemProxy section */
		C4B8A6B9249663F100282B14 /* PBXContainerItemProxy */ = {
			isa = PBXContainerItemProxy;
			containerPortal = C4B8A695249663EE00282B14 /* Project object */;
			proxyType = 1;
			remoteGlobalIDString = C4B8A69C249663EE00282B14;
			remoteInfo = IFXProgram;
		};
		C4B8A6C4249663F100282B14 /* PBXContainerItemProxy */ = {
			isa = PBXContainerItemProxy;
			containerPortal = C4B8A695249663EE00282B14 /* Project object */;
			proxyType = 1;
			remoteGlobalIDString = C4B8A69C249663EE00282B14;
			remoteInfo = IFXProgram;
		};
/* End PBXContainerItemProxy section */

/* Begin PBXFileReference section */
		AEDFD7E5EE13106638077BAD /* Pods-IFXProgram.release.xcconfig */ = {isa = PBXFileReference; includeInIndex = 1; lastKnownFileType = text.xcconfig; name = "Pods-IFXProgram.release.xcconfig"; path = "Target Support Files/Pods-IFXProgram/Pods-IFXProgram.release.xcconfig"; sourceTree = "<group>"; };
		C4B8A69D249663EE00282B14 /* IFXProgram.app */ = {isa = PBXFileReference; explicitFileType = wrapper.application; includeInIndex = 0; path = IFXProgram.app; sourceTree = BUILT_PRODUCTS_DIR; };
		C4B8A6A0249663EE00282B14 /* AppDelegate.h */ = {isa = PBXFileReference; lastKnownFileType = sourcecode.c.h; path = AppDelegate.h; sourceTree = "<group>"; };
		C4B8A6A1249663EE00282B14 /* AppDelegate.m */ = {isa = PBXFileReference; lastKnownFileType = sourcecode.c.objc; path = AppDelegate.m; sourceTree = "<group>"; };
		C4B8A6A3249663EE00282B14 /* SceneDelegate.h */ = {isa = PBXFileReference; lastKnownFileType = sourcecode.c.h; path = SceneDelegate.h; sourceTree = "<group>"; };
		C4B8A6A4249663EE00282B14 /* SceneDelegate.m */ = {isa = PBXFileReference; lastKnownFileType = sourcecode.c.objc; path = SceneDelegate.m; sourceTree = "<group>"; };
		C4B8A6A6249663EE00282B14 /* ViewController.h */ = {isa = PBXFileReference; lastKnownFileType = sourcecode.c.h; path = ViewController.h; sourceTree = "<group>"; };
		C4B8A6A7249663EE00282B14 /* ViewController.m */ = {isa = PBXFileReference; lastKnownFileType = sourcecode.c.objc; path = ViewController.m; sourceTree = "<group>"; };
		C4B8A6AA249663EE00282B14 /* Base */ = {isa = PBXFileReference; lastKnownFileType = file.storyboard; name = Base; path = Base.lproj/Main.storyboard; sourceTree = "<group>"; };
		C4B8A6AC249663F000282B14 /* Assets.xcassets */ = {isa = PBXFileReference; lastKnownFileType = folder.assetcatalog; path = Assets.xcassets; sourceTree = "<group>"; };
		C4B8A6AF249663F000282B14 /* Base */ = {isa = PBXFileReference; lastKnownFileType = file.storyboard; name = Base; path = Base.lproj/LaunchScreen.storyboard; sourceTree = "<group>"; };
		C4B8A6B1249663F000282B14 /* Info.plist */ = {isa = PBXFileReference; lastKnownFileType = text.plist.xml; path = Info.plist; sourceTree = "<group>"; };
		C4B8A6B2249663F000282B14 /* main.m */ = {isa = PBXFileReference; lastKnownFileType = sourcecode.c.objc; path = main.m; sourceTree = "<group>"; };
		C4B8A6B8249663F100282B14 /* IFXProgramTests.xctest */ = {isa = PBXFileReference; explicitFileType = wrapper.cfbundle; includeInIndex = 0; path = IFXProgramTests.xctest; sourceTree = BUILT_PRODUCTS_DIR; };
		C4B8A6BC249663F100282B14 /* IFXProgramTests.m */ = {isa = PBXFileReference; lastKnownFileType = sourcecode.c.objc; path = IFXProgramTests.m; sourceTree = "<group>"; };
		C4B8A6BE249663F100282B14 /* Info.plist */ = {isa = PBXFileReference; lastKnownFileType = text.plist.xml; path = Info.plist; sourceTree = "<group>"; };
		C4B8A6C3249663F100282B14 /* IFXProgramUITests.xctest */ = {isa = PBXFileReference; explicitFileType = wrapper.cfbundle; includeInIndex = 0; path = IFXProgramUITests.xctest; sourceTree = BUILT_PRODUCTS_DIR; };
		C4B8A6C7249663F100282B14 /* IFXProgramUITests.m */ = {isa = PBXFileReference; lastKnownFileType = sourcecode.c.objc; path = IFXProgramUITests.m; sourceTree = "<group>"; };
		C4B8A6C9249663F100282B14 /* Info.plist */ = {isa = PBXFileReference; lastKnownFileType = text.plist.xml; path = Info.plist; sourceTree = "<group>"; };
		DCC6E0ED1807C65D508699B7 /* Pods_IFXProgram.framework */ = {isa = PBXFileReference; explicitFileType = wrapper.framework; includeInIndex = 0; path = Pods_IFXProgram.framework; sourceTree = BUILT_PRODUCTS_DIR; };
		E646ECA42DD38996BD2EEAB1 /* Pods-IFXProgram.debug.xcconfig */ = {isa = PBXFileReference; includeInIndex = 1; lastKnownFileType = text.xcconfig; name = "Pods-IFXProgram.debug.xcconfig"; path = "Target Support Files/Pods-IFXProgram/Pods-IFXProgram.debug.xcconfig"; sourceTree = "<group>"; };
/* End PBXFileReference section */

/* Begin PBXFrameworksBuildPhase section */
		C4B8A69A249663EE00282B14 /* Frameworks */ = {
			isa = PBXFrameworksBuildPhase;
			buildActionMask = 2147483647;
			files = (
				FCC2C5B285674771009735FF /* Pods_IFXProgram.framework in Frameworks */,
			);
			runOnlyForDeploymentPostprocessing = 0;
		};
		C4B8A6B5249663F100282B14 /* Frameworks */ = {
			isa = PBXFrameworksBuildPhase;
			buildActionMask = 2147483647;
			files = (
			);
			runOnlyForDeploymentPostprocessing = 0;
		};
		C4B8A6C0249663F100282B14 /* Frameworks */ = {
			isa = PBXFrameworksBuildPhase;
			buildActionMask = 2147483647;
			files = (
			);
			runOnlyForDeploymentPostprocessing = 0;
		};
/* End PBXFrameworksBuildPhase section */

/* Begin PBXGroup section */
		A10E32C6B1A296B691408916 /* Pods */ = {
			isa = PBXGroup;
			children = (
				E646ECA42DD38996BD2EEAB1 /* Pods-IFXProgram.debug.xcconfig */,
				AEDFD7E5EE13106638077BAD /* Pods-IFXProgram.release.xcconfig */,
			);
			path = Pods;
			sourceTree = "<group>";
		};
		A8D0893F4DB49B6182586F61 /* Frameworks */ = {
			isa = PBXGroup;
			children = (
				DCC6E0ED1807C65D508699B7 /* Pods_IFXProgram.framework */,
			);
			name = Frameworks;
			sourceTree = "<group>";
		};
		C4B8A694249663EE00282B14 = {
			isa = PBXGroup;
			children = (
				C4B8A69F249663EE00282B14 /* IFXProgram */,
				C4B8A6BB249663F100282B14 /* IFXProgramTests */,
				C4B8A6C6249663F100282B14 /* IFXProgramUITests */,
				C4B8A69E249663EE00282B14 /* Products */,
				A10E32C6B1A296B691408916 /* Pods */,
				A8D0893F4DB49B6182586F61 /* Frameworks */,
			);
			sourceTree = "<group>";
		};
		C4B8A69E249663EE00282B14 /* Products */ = {
			isa = PBXGroup;
			children = (
				C4B8A69D249663EE00282B14 /* IFXProgram.app */,
				C4B8A6B8249663F100282B14 /* IFXProgramTests.xctest */,
				C4B8A6C3249663F100282B14 /* IFXProgramUITests.xctest */,
			);
			name = Products;
			sourceTree = "<group>";
		};
		C4B8A69F249663EE00282B14 /* IFXProgram */ = {
			isa = PBXGroup;
			children = (
				C4B8A6A0249663EE00282B14 /* AppDelegate.h */,
				C4B8A6A1249663EE00282B14 /* AppDelegate.m */,
				C4B8A6A3249663EE00282B14 /* SceneDelegate.h */,
				C4B8A6A4249663EE00282B14 /* SceneDelegate.m */,
				C4B8A6A6249663EE00282B14 /* ViewController.h */,
				C4B8A6A7249663EE00282B14 /* ViewController.m */,
				C4B8A6A9249663EE00282B14 /* Main.storyboard */,
				C4B8A6AC249663F000282B14 /* Assets.xcassets */,
				C4B8A6AE249663F000282B14 /* LaunchScreen.storyboard */,
				C4B8A6B1249663F000282B14 /* Info.plist */,
				C4B8A6B2249663F000282B14 /* main.m */,
			);
			path = IFXProgram;
			sourceTree = "<group>";
		};
		C4B8A6BB249663F100282B14 /* IFXProgramTests */ = {
			isa = PBXGroup;
			children = (
				C4B8A6BC249663F100282B14 /* IFXProgramTests.m */,
				C4B8A6BE249663F100282B14 /* Info.plist */,
			);
			path = IFXProgramTests;
			sourceTree = "<group>";
		};
		C4B8A6C6249663F100282B14 /* IFXProgramUITests */ = {
			isa = PBXGroup;
			children = (
				C4B8A6C7249663F100282B14 /* IFXProgramUITests.m */,
				C4B8A6C9249663F100282B14 /* Info.plist */,
			);
			path = IFXProgramUITests;
			sourceTree = "<group>";
		};
/* End PBXGroup section */

/* Begin PBXNativeTarget section */
		C4B8A69C249663EE00282B14 /* IFXProgram */ = {
			isa = PBXNativeTarget;
			buildConfigurationList = C4B8A6CC249663F100282B14 /* Build configuration list for PBXNativeTarget "IFXProgram" */;
			buildPhases = (
				8612AAE31A9419CE3404F8A3 /* [CP] Check Pods Manifest.lock */,
				C4B8A699249663EE00282B14 /* Sources */,
				C4B8A69A249663EE00282B14 /* Frameworks */,
				C4B8A69B249663EE00282B14 /* Resources */,
				24284E705F0ADCD221275795 /* [CP] Embed Pods Frameworks */,
			);
			buildRules = (
			);
			dependencies = (
			);
			name = IFXProgram;
			productName = IFXProgram;
			productReference = C4B8A69D249663EE00282B14 /* IFXProgram.app */;
			productType = "com.apple.product-type.application";
		};
		C4B8A6B7249663F100282B14 /* IFXProgramTests */ = {
			isa = PBXNativeTarget;
			buildConfigurationList = C4B8A6CF249663F100282B14 /* Build configuration list for PBXNativeTarget "IFXProgramTests" */;
			buildPhases = (
				C4B8A6B4249663F100282B14 /* Sources */,
				C4B8A6B5249663F100282B14 /* Frameworks */,
				C4B8A6B6249663F100282B14 /* Resources */,
			);
			buildRules = (
			);
			dependencies = (
				C4B8A6BA249663F100282B14 /* PBXTargetDependency */,
			);
			name = IFXProgramTests;
			productName = IFXProgramTests;
			productReference = C4B8A6B8249663F100282B14 /* IFXProgramTests.xctest */;
			productType = "com.apple.product-type.bundle.unit-test";
		};
		C4B8A6C2249663F100282B14 /* IFXProgramUITests */ = {
			isa = PBXNativeTarget;
			buildConfigurationList = C4B8A6D2249663F100282B14 /* Build configuration list for PBXNativeTarget "IFXProgramUITests" */;
			buildPhases = (
				C4B8A6BF249663F100282B14 /* Sources */,
				C4B8A6C0249663F100282B14 /* Frameworks */,
				C4B8A6C1249663F100282B14 /* Resources */,
			);
			buildRules = (
			);
			dependencies = (
				C4B8A6C5249663F100282B14 /* PBXTargetDependency */,
			);
			name = IFXProgramUITests;
			productName = IFXProgramUITests;
			productReference = C4B8A6C3249663F100282B14 /* IFXProgramUITests.xctest */;
			productType = "com.apple.product-type.bundle.ui-testing";
		};
/* End PBXNativeTarget section */

/* Begin PBXProject section */
		C4B8A695249663EE00282B14 /* Project object */ = {
			isa = PBXProject;
			attributes = {
				LastUpgradeCheck = 1130;
				ORGANIZATIONNAME = luckyvon;
				TargetAttributes = {
					C4B8A69C249663EE00282B14 = {
						CreatedOnToolsVersion = 11.3;
						ProvisioningStyle = Automatic;
					};
					C4B8A6B7249663F100282B14 = {
						CreatedOnToolsVersion = 11.3;
						ProvisioningStyle = Automatic;
						TestTargetID = C4B8A69C249663EE00282B14;
					};
					C4B8A6C2249663F100282B14 = {
						CreatedOnToolsVersion = 11.3;
						ProvisioningStyle = Automatic;
						TestTargetID = C4B8A69C249663EE00282B14;
					};
				};
			};
			buildConfigurationList = C4B8A698249663EE00282B14 /* Build configuration list for PBXProject "IFXProgram" */;
			compatibilityVersion = "Xcode 8.0";
			developmentRegion = en;
			hasScannedForEncodings = 0;
			knownRegions = (
				en,
				Base,
			);
			mainGroup = C4B8A694249663EE00282B14;
			productRefGroup = C4B8A69E249663EE00282B14 /* Products */;
			projectDirPath = "";
			projectRoot = "";
			targets = (
				C4B8A69C249663EE00282B14 /* IFXProgram */,
				C4B8A6B7249663F100282B14 /* IFXProgramTests */,
				C4B8A6C2249663F100282B14 /* IFXProgramUITests */,
			);
		};
/* End PBXProject section */

/* Begin PBXResourcesBuildPhase section */
		C4B8A69B249663EE00282B14 /* Resources */ = {
			isa = PBXResourcesBuildPhase;
			buildActionMask = 2147483647;
			files = (
				C4B8A6B0249663F000282B14 /* LaunchScreen.storyboard in Resources */,
				C4B8A6AD249663F000282B14 /* Assets.xcassets in Resources */,
				C4B8A6AB249663EE00282B14 /* Main.storyboard in Resources */,
			);
			runOnlyForDeploymentPostprocessing = 0;
		};
		C4B8A6B6249663F100282B14 /* Resources */ = {
			isa = PBXResourcesBuildPhase;
			buildActionMask = 2147483647;
			files = (
			);
			runOnlyForDeploymentPostprocessing = 0;
		};
		C4B8A6C1249663F100282B14 /* Resources */ = {
			isa = PBXResourcesBuildPhase;
			buildActionMask = 2147483647;
			files = (
			);
			runOnlyForDeploymentPostprocessing = 0;
		};
/* End PBXResourcesBuildPhase section */

/* Begin PBXShellScriptBuildPhase section */
		24284E705F0ADCD221275795 /* [CP] Embed Pods Frameworks */ = {
			isa = PBXShellScriptBuildPhase;
			buildActionMask = 2147483647;
			files = (
			);
			inputPaths = (
				"${PODS_ROOT}/Target Support Files/Pods-IFXProgram/Pods-IFXProgram-frameworks.sh",
				"${BUILT_PRODUCTS_DIR}/IFXFoundation/IFXFoundation.framework",
			);
			name = "[CP] Embed Pods Frameworks";
			outputPaths = (
				"${TARGET_BUILD_DIR}/${FRAMEWORKS_FOLDER_PATH}/IFXFoundation.framework",
			);
			runOnlyForDeploymentPostprocessing = 0;
			shellPath = /bin/sh;
			shellScript = "\"${PODS_ROOT}/Target Support Files/Pods-IFXProgram/Pods-IFXProgram-frameworks.sh\"\n";
			showEnvVarsInLog = 0;
		};
		8612AAE31A9419CE3404F8A3 /* [CP] Check Pods Manifest.lock */ = {
			isa = PBXShellScriptBuildPhase;
			buildActionMask = 2147483647;
			files = (
			);
			inputFileListPaths = (
			);
			inputPaths = (
				"${PODS_PODFILE_DIR_PATH}/Podfile.lock",
				"${PODS_ROOT}/Manifest.lock",
			);
			name = "[CP] Check Pods Manifest.lock";
			outputFileListPaths = (
			);
			outputPaths = (
				"$(DERIVED_FILE_DIR)/Pods-IFXProgram-checkManifestLockResult.txt",
			);
			runOnlyForDeploymentPostprocessing = 0;
			shellPath = /bin/sh;
			shellScript = "diff \"${PODS_PODFILE_DIR_PATH}/Podfile.lock\" \"${PODS_ROOT}/Manifest.lock\" > /dev/null\nif [ $? != 0 ] ; then\n    # print error to STDERR\n    echo \"error: The sandbox is not in sync with the Podfile.lock. Run 'pod install' or update your CocoaPods installation.\" >&2\n    exit 1\nfi\n# This output is used by Xcode 'outputs' to avoid re-running this script phase.\necho \"SUCCESS\" > \"${SCRIPT_OUTPUT_FILE_0}\"\n";
			showEnvVarsInLog = 0;
		};
/* End PBXShellScriptBuildPhase section */

/* Begin PBXSourcesBuildPhase section */
		C4B8A699249663EE00282B14 /* Sources */ = {
			isa = PBXSourcesBuildPhase;
			buildActionMask = 2147483647;
			files = (
				C4B8A6A8249663EE00282B14 /* ViewController.m in Sources */,
				C4B8A6A2249663EE00282B14 /* AppDelegate.m in Sources */,
				C4B8A6B3249663F000282B14 /* main.m in Sources */,
				C4B8A6A5249663EE00282B14 /* SceneDelegate.m in Sources */,
			);
			runOnlyForDeploymentPostprocessing = 0;
		};
		C4B8A6B4249663F100282B14 /* Sources */ = {
			isa = PBXSourcesBuildPhase;
			buildActionMask = 2147483647;
			files = (
				C4B8A6BD249663F100282B14 /* IFXProgramTests.m in Sources */,
			);
			runOnlyForDeploymentPostprocessing = 0;
		};
		C4B8A6BF249663F100282B14 /* Sources */ = {
			isa = PBXSourcesBuildPhase;
			buildActionMask = 2147483647;
			files = (
				C4B8A6C8249663F100282B14 /* IFXProgramUITests.m in Sources */,
			);
			runOnlyForDeploymentPostprocessing = 0;
		};
/* End PBXSourcesBuildPhase section */

/* Begin PBXTargetDependency section */
		C4B8A6BA249663F100282B14 /* PBXTargetDependency */ = {
			isa = PBXTargetDependency;
			target = C4B8A69C249663EE00282B14 /* IFXProgram */;
			targetProxy = C4B8A6B9249663F100282B14 /* PBXContainerItemProxy */;
		};
		C4B8A6C5249663F100282B14 /* PBXTargetDependency */ = {
			isa = PBXTargetDependency;
			target = C4B8A69C249663EE00282B14 /* IFXProgram */;
			targetProxy = C4B8A6C4249663F100282B14 /* PBXContainerItemProxy */;
		};
/* End PBXTargetDependency section */

/* Begin PBXVariantGroup section */
		C4B8A6A9249663EE00282B14 /* Main.storyboard */ = {
			isa = PBXVariantGroup;
			children = (
				C4B8A6AA249663EE00282B14 /* Base */,
			);
			name = Main.storyboard;
			sourceTree = "<group>";
		};
		C4B8A6AE249663F000282B14 /* LaunchScreen.storyboard */ = {
			isa = PBXVariantGroup;
			children = (
				C4B8A6AF249663F000282B14 /* Base */,
			);
			name = LaunchScreen.storyboard;
			sourceTree = "<group>";
		};
/* End PBXVariantGroup section */

/* Begin XCBuildConfiguration section */
		C4B8A6CA249663F100282B14 /* Debug */ = {
			isa = XCBuildConfiguration;
			buildSettings = {
				ALWAYS_SEARCH_USER_PATHS = NO;
				CLANG_ANALYZER_NONNULL = YES;
				CLANG_ANALYZER_NUMBER_OBJECT_CONVERSION = YES_AGGRESSIVE;
				CLANG_CXX_LANGUAGE_STANDARD = "gnu++14";
				CLANG_CXX_LIBRARY = "libc++";
				CLANG_ENABLE_MODULES = YES;
				CLANG_ENABLE_OBJC_ARC = YES;
				CLANG_ENABLE_OBJC_WEAK = YES;
				CLANG_WARN_BLOCK_CAPTURE_AUTORELEASING = YES;
				CLANG_WARN_BOOL_CONVERSION = YES;
				CLANG_WARN_COMMA = YES;
				CLANG_WARN_CONSTANT_CONVERSION = YES;
				CLANG_WARN_DEPRECATED_OBJC_IMPLEMENTATIONS = YES;
				CLANG_WARN_DIRECT_OBJC_ISA_USAGE = YES_ERROR;
				CLANG_WARN_DOCUMENTATION_COMMENTS = YES;
				CLANG_WARN_EMPTY_BODY = YES;
				CLANG_WARN_ENUM_CONVERSION = YES;
				CLANG_WARN_INFINITE_RECURSION = YES;
				CLANG_WARN_INT_CONVERSION = YES;
				CLANG_WARN_NON_LITERAL_NULL_CONVERSION = YES;
				CLANG_WARN_OBJC_IMPLICIT_RETAIN_SELF = YES;
				CLANG_WARN_OBJC_LITERAL_CONVERSION = YES;
				CLANG_WARN_OBJC_ROOT_CLASS = YES_ERROR;
				CLANG_WARN_RANGE_LOOP_ANALYSIS = YES;
				CLANG_WARN_STRICT_PROTOTYPES = YES;
				CLANG_WARN_SUSPICIOUS_MOVE = YES;
				CLANG_WARN_UNGUARDED_AVAILABILITY = YES_AGGRESSIVE;
				CLANG_WARN_UNREACHABLE_CODE = YES;
				CLANG_WARN__DUPLICATE_METHOD_MATCH = YES;
				COPY_PHASE_STRIP = NO;
				DEBUG_INFORMATION_FORMAT = dwarf;
				ENABLE_STRICT_OBJC_MSGSEND = YES;
				ENABLE_TESTABILITY = YES;
				GCC_C_LANGUAGE_STANDARD = gnu11;
				GCC_DYNAMIC_NO_PIC = NO;
				GCC_NO_COMMON_BLOCKS = YES;
				GCC_OPTIMIZATION_LEVEL = 0;
				GCC_PREPROCESSOR_DEFINITIONS = (
					"DEBUG=1",
					"$(inherited)",
				);
				GCC_WARN_64_TO_32_BIT_CONVERSION = YES;
				GCC_WARN_ABOUT_RETURN_TYPE = YES_ERROR;
				GCC_WARN_UNDECLARED_SELECTOR = YES;
				GCC_WARN_UNINITIALIZED_AUTOS = YES_AGGRESSIVE;
				GCC_WARN_UNUSED_FUNCTION = YES;
				GCC_WARN_UNUSED_VARIABLE = YES;
				IPHONEOS_DEPLOYMENT_TARGET = 9.0;
				MTL_ENABLE_DEBUG_INFO = INCLUDE_SOURCE;
				MTL_FAST_MATH = YES;
				ONLY_ACTIVE_ARCH = YES;
				SDKROOT = iphoneos;
			};
			name = Debug;
		};
		C4B8A6CB249663F100282B14 /* Release */ = {
			isa = XCBuildConfiguration;
			buildSettings = {
				ALWAYS_SEARCH_USER_PATHS = NO;
				CLANG_ANALYZER_NONNULL = YES;
				CLANG_ANALYZER_NUMBER_OBJECT_CONVERSION = YES_AGGRESSIVE;
				CLANG_CXX_LANGUAGE_STANDARD = "gnu++14";
				CLANG_CXX_LIBRARY = "libc++";
				CLANG_ENABLE_MODULES = YES;
				CLANG_ENABLE_OBJC_ARC = YES;
				CLANG_ENABLE_OBJC_WEAK = YES;
				CLANG_WARN_BLOCK_CAPTURE_AUTORELEASING = YES;
				CLANG_WARN_BOOL_CONVERSION = YES;
				CLANG_WARN_COMMA = YES;
				CLANG_WARN_CONSTANT_CONVERSION = YES;
				CLANG_WARN_DEPRECATED_OBJC_IMPLEMENTATIONS = YES;
				CLANG_WARN_DIRECT_OBJC_ISA_USAGE = YES_ERROR;
				CLANG_WARN_DOCUMENTATION_COMMENTS = YES;
				CLANG_WARN_EMPTY_BODY = YES;
				CLANG_WARN_ENUM_CONVERSION = YES;
				CLANG_WARN_INFINITE_RECURSION = YES;
				CLANG_WARN_INT_CONVERSION = YES;
				CLANG_WARN_NON_LITERAL_NULL_CONVERSION = YES;
				CLANG_WARN_OBJC_IMPLICIT_RETAIN_SELF = YES;
				CLANG_WARN_OBJC_LITERAL_CONVERSION = YES;
				CLANG_WARN_OBJC_ROOT_CLASS = YES_ERROR;
				CLANG_WARN_RANGE_LOOP_ANALYSIS = YES;
				CLANG_WARN_STRICT_PROTOTYPES = YES;
				CLANG_WARN_SUSPICIOUS_MOVE = YES;
				CLANG_WARN_UNGUARDED_AVAILABILITY = YES_AGGRESSIVE;
				CLANG_WARN_UNREACHABLE_CODE = YES;
				CLANG_WARN__DUPLICATE_METHOD_MATCH = YES;
				COPY_PHASE_STRIP = NO;
				DEBUG_INFORMATION_FORMAT = "dwarf-with-dsym";
				ENABLE_NS_ASSERTIONS = NO;
				ENABLE_STRICT_OBJC_MSGSEND = YES;
				GCC_C_LANGUAGE_STANDARD = gnu11;
				GCC_NO_COMMON_BLOCKS = YES;
				GCC_WARN_64_TO_32_BIT_CONVERSION = YES;
				GCC_WARN_ABOUT_RETURN_TYPE = YES_ERROR;
				GCC_WARN_UNDECLARED_SELECTOR = YES;
				GCC_WARN_UNINITIALIZED_AUTOS = YES_AGGRESSIVE;
				GCC_WARN_UNUSED_FUNCTION = YES;
				GCC_WARN_UNUSED_VARIABLE = YES;
				IPHONEOS_DEPLOYMENT_TARGET = 9.0;
				MTL_ENABLE_DEBUG_INFO = NO;
				MTL_FAST_MATH = YES;
				SDKROOT = iphoneos;
				VALIDATE_PRODUCT = YES;
			};
			name = Release;
		};
		C4B8A6CD249663F100282B14 /* Debug */ = {
			isa = XCBuildConfiguration;
			baseConfigurationReference = E646ECA42DD38996BD2EEAB1 /* Pods-IFXProgram.debug.xcconfig */;
			buildSettings = {
				ASSETCATALOG_COMPILER_APPICON_NAME = AppIcon;
				CODE_SIGN_STYLE = Automatic;
				INFOPLIST_FILE = IFXProgram/Info.plist;
				LD_RUNPATH_SEARCH_PATHS = "$(inherited) @executable_path/Frameworks";
				PRODUCT_BUNDLE_IDENTIFIER = IFX.IFXProgram;
				PRODUCT_NAME = "$(TARGET_NAME)";
				TARGETED_DEVICE_FAMILY = "1,2";
			};
			name = Debug;
		};
		C4B8A6CE249663F100282B14 /* Release */ = {
			isa = XCBuildConfiguration;
			baseConfigurationReference = AEDFD7E5EE13106638077BAD /* Pods-IFXProgram.release.xcconfig */;
			buildSettings = {
				ASSETCATALOG_COMPILER_APPICON_NAME = AppIcon;
				CODE_SIGN_STYLE = Automatic;
				INFOPLIST_FILE = IFXProgram/Info.plist;
				LD_RUNPATH_SEARCH_PATHS = "$(inherited) @executable_path/Frameworks";
				PRODUCT_BUNDLE_IDENTIFIER = IFX.IFXProgram;
				PRODUCT_NAME = "$(TARGET_NAME)";
				TARGETED_DEVICE_FAMILY = "1,2";
			};
			name = Release;
		};
		C4B8A6D0249663F100282B14 /* Debug */ = {
			isa = XCBuildConfiguration;
			buildSettings = {
				BUNDLE_LOADER = "$(TEST_HOST)";
				CODE_SIGN_STYLE = Automatic;
				INFOPLIST_FILE = IFXProgramTests/Info.plist;
				IPHONEOS_DEPLOYMENT_TARGET = 13.2;
				LD_RUNPATH_SEARCH_PATHS = "$(inherited) @executable_path/Frameworks @loader_path/Frameworks";
				PRODUCT_BUNDLE_IDENTIFIER = IFX.IFXProgramTests;
				PRODUCT_NAME = "$(TARGET_NAME)";
				TARGETED_DEVICE_FAMILY = "1,2";
				TEST_HOST = "$(BUILT_PRODUCTS_DIR)/IFXProgram.app/IFXProgram";
			};
			name = Debug;
		};
		C4B8A6D1249663F100282B14 /* Release */ = {
			isa = XCBuildConfiguration;
			buildSettings = {
				BUNDLE_LOADER = "$(TEST_HOST)";
				CODE_SIGN_STYLE = Automatic;
				INFOPLIST_FILE = IFXProgramTests/Info.plist;
				IPHONEOS_DEPLOYMENT_TARGET = 13.2;
				LD_RUNPATH_SEARCH_PATHS = "$(inherited) @executable_path/Frameworks @loader_path/Frameworks";
				PRODUCT_BUNDLE_IDENTIFIER = IFX.IFXProgramTests;
				PRODUCT_NAME = "$(TARGET_NAME)";
				TARGETED_DEVICE_FAMILY = "1,2";
				TEST_HOST = "$(BUILT_PRODUCTS_DIR)/IFXProgram.app/IFXProgram";
			};
			name = Release;
		};
		C4B8A6D3249663F100282B14 /* Debug */ = {
			isa = XCBuildConfiguration;
			buildSettings = {
				CODE_SIGN_STYLE = Automatic;
				INFOPLIST_FILE = IFXProgramUITests/Info.plist;
				LD_RUNPATH_SEARCH_PATHS = "$(inherited) @executable_path/Frameworks @loader_path/Frameworks";
				PRODUCT_BUNDLE_IDENTIFIER = IFX.IFXProgramUITests;
				PRODUCT_NAME = "$(TARGET_NAME)";
				TARGETED_DEVICE_FAMILY = "1,2";
				TEST_TARGET_NAME = IFXProgram;
			};
			name = Debug;
		};
		C4B8A6D4249663F100282B14 /* Release */ = {
			isa = XCBuildConfiguration;
			buildSettings = {
				CODE_SIGN_STYLE = Automatic;
				INFOPLIST_FILE = IFXProgramUITests/Info.plist;
				LD_RUNPATH_SEARCH_PATHS = "$(inherited) @executable_path/Frameworks @loader_path/Frameworks";
				PRODUCT_BUNDLE_IDENTIFIER = IFX.IFXProgramUITests;
				PRODUCT_NAME = "$(TARGET_NAME)";
				TARGETED_DEVICE_FAMILY = "1,2";
				TEST_TARGET_NAME = IFXProgram;
			};
			name = Release;
		};
/* End XCBuildConfiguration section */

/* Begin XCConfigurationList section */
		C4B8A698249663EE00282B14 /* Build configuration list for PBXProject "IFXProgram" */ = {
			isa = XCConfigurationList;
			buildConfigurations = (
				C4B8A6CA249663F100282B14 /* Debug */,
				C4B8A6CB249663F100282B14 /* Release */,
			);
			defaultConfigurationIsVisible = 0;
			defaultConfigurationName = Release;
		};
		C4B8A6CC249663F100282B14 /* Build configuration list for PBXNativeTarget "IFXProgram" */ = {
			isa = XCConfigurationList;
			buildConfigurations = (
				C4B8A6CD249663F100282B14 /* Debug */,
				C4B8A6CE249663F100282B14 /* Release */,
			);
			defaultConfigurationIsVisible = 0;
			defaultConfigurationName = Release;
		};
		C4B8A6CF249663F100282B14 /* Build configuration list for PBXNativeTarget "IFXProgramTests" */ = {
			isa = XCConfigurationList;
			buildConfigurations = (
				C4B8A6D0249663F100282B14 /* Debug */,
				C4B8A6D1249663F100282B14 /* Release */,
			);
			defaultConfigurationIsVisible = 0;
			defaultConfigurationName = Release;
		};
		C4B8A6D2249663F100282B14 /* Build configuration list for PBXNativeTarget "IFXProgramUITests" */ = {
			isa = XCConfigurationList;
			buildConfigurations = (
				C4B8A6D3249663F100282B14 /* Debug */,
				C4B8A6D4249663F100282B14 /* Release */,
			);
			defaultConfigurationIsVisible = 0;
			defaultConfigurationName = Release;
		};
/* End XCConfigurationList section */
	};
	rootObject = C4B8A695249663EE00282B14 /* Project object */;
}
